// !$*UTF8*$!
{
	archiveVersion = 1;
	classes = {
	};
	objectVersion = 55;
	objects = {

/* Begin PBXBuildFile section */
		0423C54A10D1764CBF9ED509 /* Pods_WhatsAppCloneSwiftUI.framework in Frameworks */ = {isa = PBXBuildFile; fileRef = 298B6FEED29C3F39D65AD938 /* Pods_WhatsAppCloneSwiftUI.framework */; };
		C07EF3DC288B0E5D006270A7 /* Utils.swift in Sources */ = {isa = PBXBuildFile; fileRef = C07EF3DB288B0E5D006270A7 /* Utils.swift */; };
		C07EF3DE288B0EA2006270A7 /* SignInView.swift in Sources */ = {isa = PBXBuildFile; fileRef = C07EF3DD288B0EA2006270A7 /* SignInView.swift */; };
		C07EF3E0288B0EEA006270A7 /* SignUpView.swift in Sources */ = {isa = PBXBuildFile; fileRef = C07EF3DF288B0EEA006270A7 /* SignUpView.swift */; };
		C07EF3E2288B0F1B006270A7 /* UserView.swift in Sources */ = {isa = PBXBuildFile; fileRef = C07EF3E1288B0F1B006270A7 /* UserView.swift */; };
		C07EF3E4288B0F44006270A7 /* AuthService.swift in Sources */ = {isa = PBXBuildFile; fileRef = C07EF3E3288B0F44006270A7 /* AuthService.swift */; };
		C07EF3E6288B1094006270A7 /* GoogleService-Info.plist in Resources */ = {isa = PBXBuildFile; fileRef = C07EF3E5288B1094006270A7 /* GoogleService-Info.plist */; };
		C0825318288C3CD3007CAE08 /* UserModel.swift in Sources */ = {isa = PBXBuildFile; fileRef = C0825317288C3CD3007CAE08 /* UserModel.swift */; };
		C082531A288C3D84007CAE08 /* UserStore.swift in Sources */ = {isa = PBXBuildFile; fileRef = C0825319288C3D84007CAE08 /* UserStore.swift */; };
		C09A5B2F288B0BA600341923 /* WhatsAppCloneSwiftUIApp.swift in Sources */ = {isa = PBXBuildFile; fileRef = C09A5B2E288B0BA600341923 /* WhatsAppCloneSwiftUIApp.swift */; };
		C09A5B31288B0BA600341923 /* AuthView.swift in Sources */ = {isa = PBXBuildFile; fileRef = C09A5B30288B0BA600341923 /* AuthView.swift */; };
		C09A5B33288B0BA900341923 /* Assets.xcassets in Resources */ = {isa = PBXBuildFile; fileRef = C09A5B32288B0BA900341923 /* Assets.xcassets */; };
		C09A5B36288B0BA900341923 /* Preview Assets.xcassets in Resources */ = {isa = PBXBuildFile; fileRef = C09A5B35288B0BA900341923 /* Preview Assets.xcassets */; };
/* End PBXBuildFile section */

/* Begin PBXFileReference section */
		298B6FEED29C3F39D65AD938 /* Pods_WhatsAppCloneSwiftUI.framework */ = {isa = PBXFileReference; explicitFileType = wrapper.framework; includeInIndex = 0; path = Pods_WhatsAppCloneSwiftUI.framework; sourceTree = BUILT_PRODUCTS_DIR; };
		43CF2F71551CE89856BB11FE /* Pods-WhatsAppCloneSwiftUI.debug.xcconfig */ = {isa = PBXFileReference; includeInIndex = 1; lastKnownFileType = text.xcconfig; name = "Pods-WhatsAppCloneSwiftUI.debug.xcconfig"; path = "Target Support Files/Pods-WhatsAppCloneSwiftUI/Pods-WhatsAppCloneSwiftUI.debug.xcconfig"; sourceTree = "<group>"; };
		C07EF3DB288B0E5D006270A7 /* Utils.swift */ = {isa = PBXFileReference; lastKnownFileType = sourcecode.swift; path = Utils.swift; sourceTree = "<group>"; };
		C07EF3DD288B0EA2006270A7 /* SignInView.swift */ = {isa = PBXFileReference; lastKnownFileType = sourcecode.swift; path = SignInView.swift; sourceTree = "<group>"; };
		C07EF3DF288B0EEA006270A7 /* SignUpView.swift */ = {isa = PBXFileReference; lastKnownFileType = sourcecode.swift; path = SignUpView.swift; sourceTree = "<group>"; };
		C07EF3E1288B0F1B006270A7 /* UserView.swift */ = {isa = PBXFileReference; lastKnownFileType = sourcecode.swift; path = UserView.swift; sourceTree = "<group>"; };
		C07EF3E3288B0F44006270A7 /* AuthService.swift */ = {isa = PBXFileReference; lastKnownFileType = sourcecode.swift; path = AuthService.swift; sourceTree = "<group>"; };
		C07EF3E5288B1094006270A7 /* GoogleService-Info.plist */ = {isa = PBXFileReference; fileEncoding = 4; lastKnownFileType = text.plist.xml; path = "GoogleService-Info.plist"; sourceTree = "<group>"; };
		C0825317288C3CD3007CAE08 /* UserModel.swift */ = {isa = PBXFileReference; lastKnownFileType = sourcecode.swift; path = UserModel.swift; sourceTree = "<group>"; };
		C0825319288C3D84007CAE08 /* UserStore.swift */ = {isa = PBXFileReference; lastKnownFileType = sourcecode.swift; path = UserStore.swift; sourceTree = "<group>"; };
		C09A5B2B288B0BA600341923 /* WhatsAppCloneSwiftUI.app */ = {isa = PBXFileReference; explicitFileType = wrapper.application; includeInIndex = 0; path = WhatsAppCloneSwiftUI.app; sourceTree = BUILT_PRODUCTS_DIR; };
		C09A5B2E288B0BA600341923 /* WhatsAppCloneSwiftUIApp.swift */ = {isa = PBXFileReference; lastKnownFileType = sourcecode.swift; path = WhatsAppCloneSwiftUIApp.swift; sourceTree = "<group>"; };
		C09A5B30288B0BA600341923 /* AuthView.swift */ = {isa = PBXFileReference; lastKnownFileType = sourcecode.swift; path = AuthView.swift; sourceTree = "<group>"; };
		C09A5B32288B0BA900341923 /* Assets.xcassets */ = {isa = PBXFileReference; lastKnownFileType = folder.assetcatalog; path = Assets.xcassets; sourceTree = "<group>"; };
		C09A5B35288B0BA900341923 /* Preview Assets.xcassets */ = {isa = PBXFileReference; lastKnownFileType = folder.assetcatalog; path = "Preview Assets.xcassets"; sourceTree = "<group>"; };
		FCC0A42D6DD31E0CC56D0368 /* Pods-WhatsAppCloneSwiftUI.release.xcconfig */ = {isa = PBXFileReference; includeInIndex = 1; lastKnownFileType = text.xcconfig; name = "Pods-WhatsAppCloneSwiftUI.release.xcconfig"; path = "Target Support Files/Pods-WhatsAppCloneSwiftUI/Pods-WhatsAppCloneSwiftUI.release.xcconfig"; sourceTree = "<group>"; };
/* End PBXFileReference section */

/* Begin PBXFrameworksBuildPhase section */
		C09A5B28288B0BA600341923 /* Frameworks */ = {
			isa = PBXFrameworksBuildPhase;
			buildActionMask = 2147483647;
			files = (
				0423C54A10D1764CBF9ED509 /* Pods_WhatsAppCloneSwiftUI.framework in Frameworks */,
			);
			runOnlyForDeploymentPostprocessing = 0;
		};
/* End PBXFrameworksBuildPhase section */

/* Begin PBXGroup section */
		6F439EC84621B560BC5E6A2B /* Pods */ = {
			isa = PBXGroup;
			children = (
				43CF2F71551CE89856BB11FE /* Pods-WhatsAppCloneSwiftUI.debug.xcconfig */,
				FCC0A42D6DD31E0CC56D0368 /* Pods-WhatsAppCloneSwiftUI.release.xcconfig */,
			);
			path = Pods;
			sourceTree = "<group>";
		};
		AA73216C0F0268E54EE38D9C /* Frameworks */ = {
			isa = PBXGroup;
			children = (
				298B6FEED29C3F39D65AD938 /* Pods_WhatsAppCloneSwiftUI.framework */,
			);
			name = Frameworks;
			sourceTree = "<group>";
		};
		C09A5B22288B0BA600341923 = {
			isa = PBXGroup;
			children = (
				C09A5B2D288B0BA600341923 /* WhatsAppCloneSwiftUI */,
				C09A5B2C288B0BA600341923 /* Products */,
				6F439EC84621B560BC5E6A2B /* Pods */,
				AA73216C0F0268E54EE38D9C /* Frameworks */,
			);
			sourceTree = "<group>";
		};
		C09A5B2C288B0BA600341923 /* Products */ = {
			isa = PBXGroup;
			children = (
				C09A5B2B288B0BA600341923 /* WhatsAppCloneSwiftUI.app */,
			);
			name = Products;
			sourceTree = "<group>";
		};
		C09A5B2D288B0BA600341923 /* WhatsAppCloneSwiftUI */ = {
			isa = PBXGroup;
			children = (
				C09A5B2E288B0BA600341923 /* WhatsAppCloneSwiftUIApp.swift */,
				C07EF3DB288B0E5D006270A7 /* Utils.swift */,
				C09A5B30288B0BA600341923 /* AuthView.swift */,
				C0825317288C3CD3007CAE08 /* UserModel.swift */,
				C0825319288C3D84007CAE08 /* UserStore.swift */,
				C07EF3E3288B0F44006270A7 /* AuthService.swift */,
				C07EF3DD288B0EA2006270A7 /* SignInView.swift */,
				C07EF3DF288B0EEA006270A7 /* SignUpView.swift */,
				C07EF3E1288B0F1B006270A7 /* UserView.swift */,
				C09A5B32288B0BA900341923 /* Assets.xcassets */,
				C07EF3E5288B1094006270A7 /* GoogleService-Info.plist */,
				C09A5B34288B0BA900341923 /* Preview Content */,
			);
			path = WhatsAppCloneSwiftUI;
			sourceTree = "<group>";
		};
		C09A5B34288B0BA900341923 /* Preview Content */ = {
			isa = PBXGroup;
			children = (
				C09A5B35288B0BA900341923 /* Preview Assets.xcassets */,
			);
			path = "Preview Content";
			sourceTree = "<group>";
		};
/* End PBXGroup section */

/* Begin PBXNativeTarget section */
		C09A5B2A288B0BA600341923 /* WhatsAppCloneSwiftUI */ = {
			isa = PBXNativeTarget;
			buildConfigurationList = C09A5B39288B0BA900341923 /* Build configuration list for PBXNativeTarget "WhatsAppCloneSwiftUI" */;
			buildPhases = (
				22EB767BA71C52712ADE7C70 /* [CP] Check Pods Manifest.lock */,
				C09A5B27288B0BA600341923 /* Sources */,
				C09A5B28288B0BA600341923 /* Frameworks */,
				C09A5B29288B0BA600341923 /* Resources */,
				7B34A1B9EBE1D91D5221138F /* [CP] Embed Pods Frameworks */,
			);
			buildRules = (
			);
			dependencies = (
			);
			name = WhatsAppCloneSwiftUI;
			productName = WhatsAppCloneSwiftUI;
			productReference = C09A5B2B288B0BA600341923 /* WhatsAppCloneSwiftUI.app */;
			productType = "com.apple.product-type.application";
		};
/* End PBXNativeTarget section */

/* Begin PBXProject section */
		C09A5B23288B0BA600341923 /* Project object */ = {
			isa = PBXProject;
			attributes = {
				BuildIndependentTargetsInParallel = 1;
				LastSwiftUpdateCheck = 1330;
				LastUpgradeCheck = 1330;
				TargetAttributes = {
					C09A5B2A288B0BA600341923 = {
						CreatedOnToolsVersion = 13.3.1;
					};
				};
			};
			buildConfigurationList = C09A5B26288B0BA600341923 /* Build configuration list for PBXProject "WhatsAppCloneSwiftUI" */;
			compatibilityVersion = "Xcode 13.0";
			developmentRegion = en;
			hasScannedForEncodings = 0;
			knownRegions = (
				en,
				Base,
			);
			mainGroup = C09A5B22288B0BA600341923;
			productRefGroup = C09A5B2C288B0BA600341923 /* Products */;
			projectDirPath = "";
			projectRoot = "";
			targets = (
				C09A5B2A288B0BA600341923 /* WhatsAppCloneSwiftUI */,
			);
		};
/* End PBXProject section */

/* Begin PBXResourcesBuildPhase section */
		C09A5B29288B0BA600341923 /* Resources */ = {
			isa = PBXResourcesBuildPhase;
			buildActionMask = 2147483647;
			files = (
				C09A5B36288B0BA900341923 /* Preview Assets.xcassets in Resources */,
				C09A5B33288B0BA900341923 /* Assets.xcassets in Resources */,
				C07EF3E6288B1094006270A7 /* GoogleService-Info.plist in Resources */,
			);
			runOnlyForDeploymentPostprocessing = 0;
		};
/* End PBXResourcesBuildPhase section */

/* Begin PBXShellScriptBuildPhase section */
		22EB767BA71C52712ADE7C70 /* [CP] Check Pods Manifest.lock */ = {
			isa = PBXShellScriptBuildPhase;
			buildActionMask = 2147483647;
			files = (
			);
			inputFileListPaths = (
			);
			inputPaths = (
				"${PODS_PODFILE_DIR_PATH}/Podfile.lock",
				"${PODS_ROOT}/Manifest.lock",
			);
			name = "[CP] Check Pods Manifest.lock";
			outputFileListPaths = (
			);
			outputPaths = (
				"$(DERIVED_FILE_DIR)/Pods-WhatsAppCloneSwiftUI-checkManifestLockResult.txt",
			);
			runOnlyForDeploymentPostprocessing = 0;
			shellPath = /bin/sh;
			shellScript = "diff \"${PODS_PODFILE_DIR_PATH}/Podfile.lock\" \"${PODS_ROOT}/Manifest.lock\" > /dev/null\nif [ $? != 0 ] ; then\n    # print error to STDERR\n    echo \"error: The sandbox is not in sync with the Podfile.lock. Run 'pod install' or update your CocoaPods installation.\" >&2\n    exit 1\nfi\n# This output is used by Xcode 'outputs' to avoid re-running this script phase.\necho \"SUCCESS\" > \"${SCRIPT_OUTPUT_FILE_0}\"\n";
			showEnvVarsInLog = 0;
		};
		7B34A1B9EBE1D91D5221138F /* [CP] Embed Pods Frameworks */ = {
			isa = PBXShellScriptBuildPhase;
			buildActionMask = 2147483647;
			files = (
			);
			inputFileListPaths = (
				"${PODS_ROOT}/Target Support Files/Pods-WhatsAppCloneSwiftUI/Pods-WhatsAppCloneSwiftUI-frameworks-${CONFIGURATION}-input-files.xcfilelist",
			);
			name = "[CP] Embed Pods Frameworks";
			outputFileListPaths = (
				"${PODS_ROOT}/Target Support Files/Pods-WhatsAppCloneSwiftUI/Pods-WhatsAppCloneSwiftUI-frameworks-${CONFIGURATION}-output-files.xcfilelist",
			);
			runOnlyForDeploymentPostprocessing = 0;
			shellPath = /bin/sh;
			shellScript = "\"${PODS_ROOT}/Target Support Files/Pods-WhatsAppCloneSwiftUI/Pods-WhatsAppCloneSwiftUI-frameworks.sh\"\n";
			showEnvVarsInLog = 0;
		};
/* End PBXShellScriptBuildPhase section */

/* Begin PBXSourcesBuildPhase section */
		C09A5B27288B0BA600341923 /* Sources */ = {
			isa = PBXSourcesBuildPhase;
			buildActionMask = 2147483647;
			files = (
				C07EF3E0288B0EEA006270A7 /* SignUpView.swift in Sources */,
				C07EF3E2288B0F1B006270A7 /* UserView.swift in Sources */,
				C0825318288C3CD3007CAE08 /* UserModel.swift in Sources */,
				C09A5B31288B0BA600341923 /* AuthView.swift in Sources */,
				C09A5B2F288B0BA600341923 /* WhatsAppCloneSwiftUIApp.swift in Sources */,
				C07EF3DE288B0EA2006270A7 /* SignInView.swift in Sources */,
				C082531A288C3D84007CAE08 /* UserStore.swift in Sources */,
				C07EF3DC288B0E5D006270A7 /* Utils.swift in Sources */,
				C07EF3E4288B0F44006270A7 /* AuthService.swift in Sources */,
			);
			runOnlyForDeploymentPostprocessing = 0;
		};
/* End PBXSourcesBuildPhase section */

/* Begin XCBuildConfiguration section */
		C09A5B37288B0BA900341923 /* Debug */ = {
			isa = XCBuildConfiguration;
			buildSettings = {
				ALWAYS_SEARCH_USER_PATHS = NO;
				CLANG_ANALYZER_NONNULL = YES;
				CLANG_ANALYZER_NUMBER_OBJECT_CONVERSION = YES_AGGRESSIVE;
				CLANG_CXX_LANGUAGE_STANDARD = "gnu++17";
				CLANG_ENABLE_MODULES = YES;
				CLANG_ENABLE_OBJC_ARC = YES;
				CLANG_ENABLE_OBJC_WEAK = YES;
				CLANG_WARN_BLOCK_CAPTURE_AUTORELEASING = YES;
				CLANG_WARN_BOOL_CONVERSION = YES;
				CLANG_WARN_COMMA = YES;
				CLANG_WARN_CONSTANT_CONVERSION = YES;
				CLANG_WARN_DEPRECATED_OBJC_IMPLEMENTATIONS = YES;
				CLANG_WARN_DIRECT_OBJC_ISA_USAGE = YES_ERROR;
				CLANG_WARN_DOCUMENTATION_COMMENTS = YES;
				CLANG_WARN_EMPTY_BODY = YES;
				CLANG_WARN_ENUM_CONVERSION = YES;
				CLANG_WARN_INFINITE_RECURSION = YES;
				CLANG_WARN_INT_CONVERSION = YES;
				CLANG_WARN_NON_LITERAL_NULL_CONVERSION = YES;
				CLANG_WARN_OBJC_IMPLICIT_RETAIN_SELF = YES;
				CLANG_WARN_OBJC_LITERAL_CONVERSION = YES;
				CLANG_WARN_OBJC_ROOT_CLASS = YES_ERROR;
				CLANG_WARN_QUOTED_INCLUDE_IN_FRAMEWORK_HEADER = YES;
				CLANG_WARN_RANGE_LOOP_ANALYSIS = YES;
				CLANG_WARN_STRICT_PROTOTYPES = YES;
				CLANG_WARN_SUSPICIOUS_MOVE = YES;
				CLANG_WARN_UNGUARDED_AVAILABILITY = YES_AGGRESSIVE;
				CLANG_WARN_UNREACHABLE_CODE = YES;
				CLANG_WARN__DUPLICATE_METHOD_MATCH = YES;
				COPY_PHASE_STRIP = NO;
				DEBUG_INFORMATION_FORMAT = dwarf;
				ENABLE_STRICT_OBJC_MSGSEND = YES;
				ENABLE_TESTABILITY = YES;
				GCC_C_LANGUAGE_STANDARD = gnu11;
				GCC_DYNAMIC_NO_PIC = NO;
				GCC_NO_COMMON_BLOCKS = YES;
				GCC_OPTIMIZATION_LEVEL = 0;
				GCC_PREPROCESSOR_DEFINITIONS = (
					"DEBUG=1",
					"$(inherited)",
				);
				GCC_WARN_64_TO_32_BIT_CONVERSION = YES;
				GCC_WARN_ABOUT_RETURN_TYPE = YES_ERROR;
				GCC_WARN_UNDECLARED_SELECTOR = YES;
				GCC_WARN_UNINITIALIZED_AUTOS = YES_AGGRESSIVE;
				GCC_WARN_UNUSED_FUNCTION = YES;
				GCC_WARN_UNUSED_VARIABLE = YES;
				IPHONEOS_DEPLOYMENT_TARGET = 15.4;
				MTL_ENABLE_DEBUG_INFO = INCLUDE_SOURCE;
				MTL_FAST_MATH = YES;
				ONLY_ACTIVE_ARCH = YES;
				SDKROOT = iphoneos;
				SWIFT_ACTIVE_COMPILATION_CONDITIONS = DEBUG;
				SWIFT_OPTIMIZATION_LEVEL = "-Onone";
			};
			name = Debug;
		};
		C09A5B38288B0BA900341923 /* Release */ = {
			isa = XCBuildConfiguration;
			buildSettings = {
				ALWAYS_SEARCH_USER_PATHS = NO;
				CLANG_ANALYZER_NONNULL = YES;
				CLANG_ANALYZER_NUMBER_OBJECT_CONVERSION = YES_AGGRESSIVE;
				CLANG_CXX_LANGUAGE_STANDARD = "gnu++17";
				CLANG_ENABLE_MODULES = YES;
				CLANG_ENABLE_OBJC_ARC = YES;
				CLANG_ENABLE_OBJC_WEAK = YES;
				CLANG_WARN_BLOCK_CAPTURE_AUTORELEASING = YES;
				CLANG_WARN_BOOL_CONVERSION = YES;
				CLANG_WARN_COMMA = YES;
				CLANG_WARN_CONSTANT_CONVERSION = YES;
				CLANG_WARN_DEPRECATED_OBJC_IMPLEMENTATIONS = YES;
				CLANG_WARN_DIRECT_OBJC_ISA_USAGE = YES_ERROR;
				CLANG_WARN_DOCUMENTATION_COMMENTS = YES;
				CLANG_WARN_EMPTY_BODY = YES;
				CLANG_WARN_ENUM_CONVERSION = YES;
				CLANG_WARN_INFINITE_RECURSION = YES;
				CLANG_WARN_INT_CONVERSION = YES;
				CLANG_WARN_NON_LITERAL_NULL_CONVERSION = YES;
				CLANG_WARN_OBJC_IMPLICIT_RETAIN_SELF = YES;
				CLANG_WARN_OBJC_LITERAL_CONVERSION = YES;
				CLANG_WARN_OBJC_ROOT_CLASS = YES_ERROR;
				CLANG_WARN_QUOTED_INCLUDE_IN_FRAMEWORK_HEADER = YES;
				CLANG_WARN_RANGE_LOOP_ANALYSIS = YES;
				CLANG_WARN_STRICT_PROTOTYPES = YES;
				CLANG_WARN_SUSPICIOUS_MOVE = YES;
				CLANG_WARN_UNGUARDED_AVAILABILITY = YES_AGGRESSIVE;
				CLANG_WARN_UNREACHABLE_CODE = YES;
				CLANG_WARN__DUPLICATE_METHOD_MATCH = YES;
				COPY_PHASE_STRIP = NO;
				DEBUG_INFORMATION_FORMAT = "dwarf-with-dsym";
				ENABLE_NS_ASSERTIONS = NO;
				ENABLE_STRICT_OBJC_MSGSEND = YES;
				GCC_C_LANGUAGE_STANDARD = gnu11;
				GCC_NO_COMMON_BLOCKS = YES;
				GCC_WARN_64_TO_32_BIT_CONVERSION = YES;
				GCC_WARN_ABOUT_RETURN_TYPE = YES_ERROR;
				GCC_WARN_UNDECLARED_SELECTOR = YES;
				GCC_WARN_UNINITIALIZED_AUTOS = YES_AGGRESSIVE;
				GCC_WARN_UNUSED_FUNCTION = YES;
				GCC_WARN_UNUSED_VARIABLE = YES;
				IPHONEOS_DEPLOYMENT_TARGET = 15.4;
				MTL_ENABLE_DEBUG_INFO = NO;
				MTL_FAST_MATH = YES;
				SDKROOT = iphoneos;
				SWIFT_COMPILATION_MODE = wholemodule;
				SWIFT_OPTIMIZATION_LEVEL = "-O";
				VALIDATE_PRODUCT = YES;
			};
			name = Release;
		};
		C09A5B3A288B0BA900341923 /* Debug */ = {
			isa = XCBuildConfiguration;
			baseConfigurationReference = 43CF2F71551CE89856BB11FE /* Pods-WhatsAppCloneSwiftUI.debug.xcconfig */;
			buildSettings = {
				ASSETCATALOG_COMPILER_APPICON_NAME = AppIcon;
				ASSETCATALOG_COMPILER_GLOBAL_ACCENT_COLOR_NAME = AccentColor;
				CODE_SIGN_STYLE = Automatic;
				CURRENT_PROJECT_VERSION = 1;
				DEVELOPMENT_ASSET_PATHS = "\"WhatsAppCloneSwiftUI/Preview Content\"";
				DEVELOPMENT_TEAM = H2UQC3V4S3;
				ENABLE_PREVIEWS = YES;
				GENERATE_INFOPLIST_FILE = YES;
				INFOPLIST_KEY_UIApplicationSceneManifest_Generation = YES;
				INFOPLIST_KEY_UIApplicationSupportsIndirectInputEvents = YES;
				INFOPLIST_KEY_UILaunchScreen_Generation = YES;
				INFOPLIST_KEY_UISupportedInterfaceOrientations_iPad = "UIInterfaceOrientationPortrait UIInterfaceOrientationPortraitUpsideDown UIInterfaceOrientationLandscapeLeft UIInterfaceOrientationLandscapeRight";
				INFOPLIST_KEY_UISupportedInterfaceOrientations_iPhone = "UIInterfaceOrientationPortrait UIInterfaceOrientationLandscapeLeft UIInterfaceOrientationLandscapeRight";
				LD_RUNPATH_SEARCH_PATHS = (
					"$(inherited)",
					"@executable_path/Frameworks",
				);
				MARKETING_VERSION = 1.0;
				PRODUCT_BUNDLE_IDENTIFIER = ergeakova.WhatsAppCloneSwiftUI;
				PRODUCT_NAME = "$(TARGET_NAME)";
				SWIFT_EMIT_LOC_STRINGS = YES;
				SWIFT_VERSION = 5.0;
				TARGETED_DEVICE_FAMILY = "1,2";
			};
			name = Debug;
		};
		C09A5B3B288B0BA900341923 /* Release */ = {
			isa = XCBuildConfiguration;
			baseConfigurationReference = FCC0A42D6DD31E0CC56D0368 /* Pods-WhatsAppCloneSwiftUI.release.xcconfig */;
			buildSettings = {
				ASSETCATALOG_COMPILER_APPICON_NAME = AppIcon;
				ASSETCATALOG_COMPILER_GLOBAL_ACCENT_COLOR_NAME = AccentColor;
				CODE_SIGN_STYLE = Automatic;
				CURRENT_PROJECT_VERSION = 1;
				DEVELOPMENT_ASSET_PATHS = "\"WhatsAppCloneSwiftUI/Preview Content\"";
				DEVELOPMENT_TEAM = H2UQC3V4S3;
				ENABLE_PREVIEWS = YES;
				GENERATE_INFOPLIST_FILE = YES;
				INFOPLIST_KEY_UIApplicationSceneManifest_Generation = YES;
				INFOPLIST_KEY_UIApplicationSupportsIndirectInputEvents = YES;
				INFOPLIST_KEY_UILaunchScreen_Generation = YES;
				INFOPLIST_KEY_UISupportedInterfaceOrientations_iPad = "UIInterfaceOrientationPortrait UIInterfaceOrientationPortraitUpsideDown UIInterfaceOrientationLandscapeLeft UIInterfaceOrientationLandscapeRight";
				INFOPLIST_KEY_UISupportedInterfaceOrientations_iPhone = "UIInterfaceOrientationPortrait UIInterfaceOrientationLandscapeLeft UIInterfaceOrientationLandscapeRight";
				LD_RUNPATH_SEARCH_PATHS = (
					"$(inherited)",
					"@executable_path/Frameworks",
				);
				MARKETING_VERSION = 1.0;
				PRODUCT_BUNDLE_IDENTIFIER = ergeakova.WhatsAppCloneSwiftUI;
				PRODUCT_NAME = "$(TARGET_NAME)";
				SWIFT_EMIT_LOC_STRINGS = YES;
				SWIFT_VERSION = 5.0;
				TARGETED_DEVICE_FAMILY = "1,2";
			};
			name = Release;
		};
/* End XCBuildConfiguration section */

/* Begin XCConfigurationList section */
		C09A5B26288B0BA600341923 /* Build configuration list for PBXProject "WhatsAppCloneSwiftUI" */ = {
			isa = XCConfigurationList;
			buildConfigurations = (
				C09A5B37288B0BA900341923 /* Debug */,
				C09A5B38288B0BA900341923 /* Release */,
			);
			defaultConfigurationIsVisible = 0;
			defaultConfigurationName = Release;
		};
		C09A5B39288B0BA900341923 /* Build configuration list for PBXNativeTarget "WhatsAppCloneSwiftUI" */ = {
			isa = XCConfigurationList;
			buildConfigurations = (
				C09A5B3A288B0BA900341923 /* Debug */,
				C09A5B3B288B0BA900341923 /* Release */,
			);
			defaultConfigurationIsVisible = 0;
			defaultConfigurationName = Release;
		};
/* End XCConfigurationList section */
	};
	rootObject = C09A5B23288B0BA600341923 /* Project object */;
}
